PODS:
  - Flutter (1.0.0)
  - upi_pay_india (0.0.1):
    - Flutter

DEPENDENCIES:
  - Flutter (from `Flutter`)
  - upi_pay_india (from `.symlinks/plugins/upi_pay_india/ios`)

EXTERNAL SOURCES:
  Flutter:
    :path: Flutter
  upi_pay_india:
    :path: ".symlinks/plugins/upi_pay_india/ios"

SPEC CHECKSUMS:
  Flutter: e0871f40cf51350855a761d2e70bf5af5b9b5de7
  upi_pay_india: b496840b8821ff7ef438a2d5a197206b702fb3c8

PODFILE CHECKSUM: c4c93c5f6502fe2754f48404d3594bf779584011

COCOAPODS: 1.15.2
